// !$*UTF8*$!
{
	archiveVersion = 1;
	classes = {
	};
	objectVersion = 46;
	objects = {

/* Begin PBXBuildFile section */
		4D52AA851C2A51EB006B9E84 /* SwiftyJSON.framework in Frameworks */ = {isa = PBXBuildFile; fileRef = 4D52AA841C2A51EB006B9E84 /* SwiftyJSON.framework */; };
		4D52AA861C2A51F5006B9E84 /* SwiftyJSON.framework in Copy Files */ = {isa = PBXBuildFile; fileRef = 4D52AA841C2A51EB006B9E84 /* SwiftyJSON.framework */; settings = {ATTRIBUTES = (CodeSignOnCopy, RemoveHeadersOnCopy, ); }; };
		4D52AA891C2A5244006B9E84 /* SwiftyJSON.framework in Frameworks */ = {isa = PBXBuildFile; fileRef = 4D52AA881C2A5244006B9E84 /* SwiftyJSON.framework */; };
		4D52AA8A1C2A5275006B9E84 /* SwiftyJSON.framework in CopyFiles */ = {isa = PBXBuildFile; fileRef = 4D52AA881C2A5244006B9E84 /* SwiftyJSON.framework */; settings = {ATTRIBUTES = (CodeSignOnCopy, RemoveHeadersOnCopy, ); }; };
		4D52AA8F1C2A8A5F006B9E84 /* SlackWebResponses.swift in Sources */ = {isa = PBXBuildFile; fileRef = 4D52AA8E1C2A8A5F006B9E84 /* SlackWebResponses.swift */; };
		4D52AA901C2A8A5F006B9E84 /* SlackWebResponses.swift in Sources */ = {isa = PBXBuildFile; fileRef = 4D52AA8E1C2A8A5F006B9E84 /* SlackWebResponses.swift */; };
		4D52AAC41C2D379C006B9E84 /* ObjectMapper.framework in Frameworks */ = {isa = PBXBuildFile; fileRef = 4D52AAC31C2D379C006B9E84 /* ObjectMapper.framework */; };
		4D52AAC51C2D37AF006B9E84 /* ObjectMapper.framework in Copy Files */ = {isa = PBXBuildFile; fileRef = 4D52AAC31C2D379C006B9E84 /* ObjectMapper.framework */; settings = {ATTRIBUTES = (CodeSignOnCopy, RemoveHeadersOnCopy, ); }; };
		4D52AAC71C2D37D3006B9E84 /* ObjectMapper.framework in Frameworks */ = {isa = PBXBuildFile; fileRef = 4D52AAC61C2D37D3006B9E84 /* ObjectMapper.framework */; };
		4D52AAC81C2D37EB006B9E84 /* ObjectMapper.framework in CopyFiles */ = {isa = PBXBuildFile; fileRef = 4D52AAC61C2D37D3006B9E84 /* ObjectMapper.framework */; settings = {ATTRIBUTES = (CodeSignOnCopy, RemoveHeadersOnCopy, ); }; };
		4DC48E9D1C28F174000A2E54 /* Slack.framework in Frameworks */ = {isa = PBXBuildFile; fileRef = 4DC48E921C28F174000A2E54 /* Slack.framework */; };
		4DC48EA21C28F175000A2E54 /* SlackWebTests.swift in Sources */ = {isa = PBXBuildFile; fileRef = 4DC48EA11C28F175000A2E54 /* SlackWebTests.swift */; };
		4DC48EAC1C28F210000A2E54 /* Slack.h in Headers */ = {isa = PBXBuildFile; fileRef = 4DC48EAA1C28F210000A2E54 /* Slack.h */; settings = {ATTRIBUTES = (Public, ); }; };
		4DC48EB01C28F250000A2E54 /* SlackWeb.swift in Sources */ = {isa = PBXBuildFile; fileRef = 4DC48EAF1C28F250000A2E54 /* SlackWeb.swift */; };
		4DC48EC01C28F481000A2E54 /* Slack.framework in Frameworks */ = {isa = PBXBuildFile; fileRef = 4DC48EB61C28F481000A2E54 /* Slack.framework */; };
		4DC48ECD1C28F521000A2E54 /* Slack.h in Headers */ = {isa = PBXBuildFile; fileRef = 4DC48EAA1C28F210000A2E54 /* Slack.h */; settings = {ATTRIBUTES = (Public, ); }; };
		4DC48ECE1C28F525000A2E54 /* SlackWeb.swift in Sources */ = {isa = PBXBuildFile; fileRef = 4DC48EAF1C28F250000A2E54 /* SlackWeb.swift */; };
		4DC48ECF1C28F5FC000A2E54 /* SlackWebTests.swift in Sources */ = {isa = PBXBuildFile; fileRef = 4DC48EA11C28F175000A2E54 /* SlackWebTests.swift */; };
		4DC48ED21C28F756000A2E54 /* SlackRTM.swift in Sources */ = {isa = PBXBuildFile; fileRef = 4DC48ED11C28F756000A2E54 /* SlackRTM.swift */; };
		4DC48ED31C28F756000A2E54 /* SlackRTM.swift in Sources */ = {isa = PBXBuildFile; fileRef = 4DC48ED11C28F756000A2E54 /* SlackRTM.swift */; };
		4DF35CEE1C33284600DF3440 /* Starscream.framework in Frameworks */ = {isa = PBXBuildFile; fileRef = 4DF35CED1C33284600DF3440 /* Starscream.framework */; };
		4DF35CF01C33285A00DF3440 /* Starscream.framework in Frameworks */ = {isa = PBXBuildFile; fileRef = 4DF35CEF1C33285A00DF3440 /* Starscream.framework */; };
		4DF35CF11C33286700DF3440 /* Starscream.framework in Copy Files */ = {isa = PBXBuildFile; fileRef = 4DF35CED1C33284600DF3440 /* Starscream.framework */; settings = {ATTRIBUTES = (CodeSignOnCopy, RemoveHeadersOnCopy, ); }; };
		4DF35CF21C33287100DF3440 /* Starscream.framework in CopyFiles */ = {isa = PBXBuildFile; fileRef = 4DF35CEF1C33285A00DF3440 /* Starscream.framework */; settings = {ATTRIBUTES = (CodeSignOnCopy, RemoveHeadersOnCopy, ); }; };
		4DF35D011C33350000DF3440 /* Errors.swift in Sources */ = {isa = PBXBuildFile; fileRef = 4DF35D001C33350000DF3440 /* Errors.swift */; };
		4DF35D021C33350000DF3440 /* Errors.swift in Sources */ = {isa = PBXBuildFile; fileRef = 4DF35D001C33350000DF3440 /* Errors.swift */; };
		4DF35D061C333D7E00DF3440 /* SlackRTMTests.swift in Sources */ = {isa = PBXBuildFile; fileRef = 4DF35D031C333D5400DF3440 /* SlackRTMTests.swift */; };
		4DF35D071C333D8000DF3440 /* SlackRTMTests.swift in Sources */ = {isa = PBXBuildFile; fileRef = 4DF35D031C333D5400DF3440 /* SlackRTMTests.swift */; };
		4DF35D091C33461600DF3440 /* SlackRTMResponses.swift in Sources */ = {isa = PBXBuildFile; fileRef = 4DF35D081C33461600DF3440 /* SlackRTMResponses.swift */; };
		4DF35D0A1C33461600DF3440 /* SlackRTMResponses.swift in Sources */ = {isa = PBXBuildFile; fileRef = 4DF35D081C33461600DF3440 /* SlackRTMResponses.swift */; };
		4DF3F1BB1C2A423700A6F057 /* SwiftHTTP.framework in Frameworks */ = {isa = PBXBuildFile; fileRef = 4DF3F1BA1C2A423700A6F057 /* SwiftHTTP.framework */; };
		4DF3F1BD1C2A425000A6F057 /* SwiftHTTP.framework in Frameworks */ = {isa = PBXBuildFile; fileRef = 4DF3F1BC1C2A425000A6F057 /* SwiftHTTP.framework */; };
		4DF3F1C01C2A428A00A6F057 /* SwiftHTTP.framework in CopyFiles */ = {isa = PBXBuildFile; fileRef = 4DF3F1BC1C2A425000A6F057 /* SwiftHTTP.framework */; settings = {ATTRIBUTES = (CodeSignOnCopy, RemoveHeadersOnCopy, ); }; };
		4DF3F1C21C2A429C00A6F057 /* SwiftHTTP.framework in Copy Files */ = {isa = PBXBuildFile; fileRef = 4DF3F1BA1C2A423700A6F057 /* SwiftHTTP.framework */; settings = {ATTRIBUTES = (CodeSignOnCopy, RemoveHeadersOnCopy, ); }; };
/* End PBXBuildFile section */

/* Begin PBXContainerItemProxy section */
		4DC48E9E1C28F174000A2E54 /* PBXContainerItemProxy */ = {
			isa = PBXContainerItemProxy;
			containerPortal = 4DC48E871C28F152000A2E54 /* Project object */;
			proxyType = 1;
			remoteGlobalIDString = 4DC48E911C28F174000A2E54;
			remoteInfo = Slack;
		};
		4DC48EC11C28F481000A2E54 /* PBXContainerItemProxy */ = {
			isa = PBXContainerItemProxy;
			containerPortal = 4DC48E871C28F152000A2E54 /* Project object */;
			proxyType = 1;
			remoteGlobalIDString = 4DC48EB51C28F481000A2E54;
			remoteInfo = Slack;
		};
/* End PBXContainerItemProxy section */

/* Begin PBXCopyFilesBuildPhase section */
		4DF3F1BE1C2A427300A6F057 /* CopyFiles */ = {
			isa = PBXCopyFilesBuildPhase;
			buildActionMask = 2147483647;
			dstPath = "";
			dstSubfolderSpec = 10;
			files = (
				4DF35CF21C33287100DF3440 /* Starscream.framework in CopyFiles */,
				4D52AAC81C2D37EB006B9E84 /* ObjectMapper.framework in CopyFiles */,
				4D52AA8A1C2A5275006B9E84 /* SwiftyJSON.framework in CopyFiles */,
				4DF3F1C01C2A428A00A6F057 /* SwiftHTTP.framework in CopyFiles */,
			);
			runOnlyForDeploymentPostprocessing = 0;
		};
		4DF3F1C11C2A429400A6F057 /* Copy Files */ = {
			isa = PBXCopyFilesBuildPhase;
			buildActionMask = 2147483647;
			dstPath = "";
			dstSubfolderSpec = 10;
			files = (
				4DF35CF11C33286700DF3440 /* Starscream.framework in Copy Files */,
				4D52AAC51C2D37AF006B9E84 /* ObjectMapper.framework in Copy Files */,
				4D52AA861C2A51F5006B9E84 /* SwiftyJSON.framework in Copy Files */,
				4DF3F1C21C2A429C00A6F057 /* SwiftHTTP.framework in Copy Files */,
			);
			name = "Copy Files";
			runOnlyForDeploymentPostprocessing = 0;
		};
/* End PBXCopyFilesBuildPhase section */

/* Begin PBXFileReference section */
		4D52AA841C2A51EB006B9E84 /* SwiftyJSON.framework */ = {isa = PBXFileReference; lastKnownFileType = wrapper.framework; name = SwiftyJSON.framework; path = Carthage/Build/iOS/SwiftyJSON.framework; sourceTree = "<group>"; };
		4D52AA881C2A5244006B9E84 /* SwiftyJSON.framework */ = {isa = PBXFileReference; lastKnownFileType = wrapper.framework; name = SwiftyJSON.framework; path = Carthage/Build/Mac/SwiftyJSON.framework; sourceTree = "<group>"; };
		4D52AA8E1C2A8A5F006B9E84 /* SlackWebResponses.swift */ = {isa = PBXFileReference; fileEncoding = 4; lastKnownFileType = sourcecode.swift; path = SlackWebResponses.swift; sourceTree = "<group>"; };
		4D52AAC31C2D379C006B9E84 /* ObjectMapper.framework */ = {isa = PBXFileReference; lastKnownFileType = wrapper.framework; name = ObjectMapper.framework; path = Carthage/Build/iOS/ObjectMapper.framework; sourceTree = "<group>"; };
		4D52AAC61C2D37D3006B9E84 /* ObjectMapper.framework */ = {isa = PBXFileReference; lastKnownFileType = wrapper.framework; name = ObjectMapper.framework; path = Carthage/Build/Mac/ObjectMapper.framework; sourceTree = "<group>"; };
		4DC48E921C28F174000A2E54 /* Slack.framework */ = {isa = PBXFileReference; explicitFileType = wrapper.framework; includeInIndex = 0; path = Slack.framework; sourceTree = BUILT_PRODUCTS_DIR; };
		4DC48E9C1C28F174000A2E54 /* Slack iOS Tests.xctest */ = {isa = PBXFileReference; explicitFileType = wrapper.cfbundle; includeInIndex = 0; path = "Slack iOS Tests.xctest"; sourceTree = BUILT_PRODUCTS_DIR; };
		4DC48EA11C28F175000A2E54 /* SlackWebTests.swift */ = {isa = PBXFileReference; lastKnownFileType = sourcecode.swift; path = SlackWebTests.swift; sourceTree = "<group>"; };
		4DC48EA31C28F175000A2E54 /* Info.plist */ = {isa = PBXFileReference; lastKnownFileType = text.plist.xml; path = Info.plist; sourceTree = "<group>"; };
		4DC48EAA1C28F210000A2E54 /* Slack.h */ = {isa = PBXFileReference; fileEncoding = 4; lastKnownFileType = sourcecode.c.h; path = Slack.h; sourceTree = "<group>"; };
		4DC48EAB1C28F210000A2E54 /* Info.plist */ = {isa = PBXFileReference; fileEncoding = 4; lastKnownFileType = text.plist.xml; path = Info.plist; sourceTree = "<group>"; };
		4DC48EAF1C28F250000A2E54 /* SlackWeb.swift */ = {isa = PBXFileReference; fileEncoding = 4; lastKnownFileType = sourcecode.swift; path = SlackWeb.swift; sourceTree = "<group>"; };
		4DC48EB61C28F481000A2E54 /* Slack.framework */ = {isa = PBXFileReference; explicitFileType = wrapper.framework; includeInIndex = 0; path = Slack.framework; sourceTree = BUILT_PRODUCTS_DIR; };
		4DC48EBF1C28F481000A2E54 /* Slack Mac Tests.xctest */ = {isa = PBXFileReference; explicitFileType = wrapper.cfbundle; includeInIndex = 0; path = "Slack Mac Tests.xctest"; sourceTree = BUILT_PRODUCTS_DIR; };
		4DC48ED11C28F756000A2E54 /* SlackRTM.swift */ = {isa = PBXFileReference; fileEncoding = 4; lastKnownFileType = sourcecode.swift; path = SlackRTM.swift; sourceTree = "<group>"; };
		4DF35CED1C33284600DF3440 /* Starscream.framework */ = {isa = PBXFileReference; lastKnownFileType = wrapper.framework; name = Starscream.framework; path = Carthage/Build/iOS/Starscream.framework; sourceTree = "<group>"; };
		4DF35CEF1C33285A00DF3440 /* Starscream.framework */ = {isa = PBXFileReference; lastKnownFileType = wrapper.framework; name = Starscream.framework; path = Carthage/Build/Mac/Starscream.framework; sourceTree = "<group>"; };
		4DF35D001C33350000DF3440 /* Errors.swift */ = {isa = PBXFileReference; fileEncoding = 4; lastKnownFileType = sourcecode.swift; path = Errors.swift; sourceTree = "<group>"; };
		4DF35D031C333D5400DF3440 /* SlackRTMTests.swift */ = {isa = PBXFileReference; fileEncoding = 4; lastKnownFileType = sourcecode.swift; path = SlackRTMTests.swift; sourceTree = "<group>"; };
		4DF35D081C33461600DF3440 /* SlackRTMResponses.swift */ = {isa = PBXFileReference; fileEncoding = 4; lastKnownFileType = sourcecode.swift; path = SlackRTMResponses.swift; sourceTree = "<group>"; };
		4DF3F1BA1C2A423700A6F057 /* SwiftHTTP.framework */ = {isa = PBXFileReference; lastKnownFileType = wrapper.framework; name = SwiftHTTP.framework; path = Carthage/Build/iOS/SwiftHTTP.framework; sourceTree = "<group>"; };
		4DF3F1BC1C2A425000A6F057 /* SwiftHTTP.framework */ = {isa = PBXFileReference; lastKnownFileType = wrapper.framework; name = SwiftHTTP.framework; path = Carthage/Build/Mac/SwiftHTTP.framework; sourceTree = "<group>"; };
/* End PBXFileReference section */

/* Begin PBXFrameworksBuildPhase section */
		4DC48E8E1C28F174000A2E54 /* Frameworks */ = {
			isa = PBXFrameworksBuildPhase;
			buildActionMask = 2147483647;
			files = (
				4DF35CEE1C33284600DF3440 /* Starscream.framework in Frameworks */,
				4D52AAC41C2D379C006B9E84 /* ObjectMapper.framework in Frameworks */,
				4D52AA851C2A51EB006B9E84 /* SwiftyJSON.framework in Frameworks */,
				4DF3F1BB1C2A423700A6F057 /* SwiftHTTP.framework in Frameworks */,
			);
			runOnlyForDeploymentPostprocessing = 0;
		};
		4DC48E991C28F174000A2E54 /* Frameworks */ = {
			isa = PBXFrameworksBuildPhase;
			buildActionMask = 2147483647;
			files = (
				4DC48E9D1C28F174000A2E54 /* Slack.framework in Frameworks */,
			);
			runOnlyForDeploymentPostprocessing = 0;
		};
		4DC48EB21C28F481000A2E54 /* Frameworks */ = {
			isa = PBXFrameworksBuildPhase;
			buildActionMask = 2147483647;
			files = (
				4DF35CF01C33285A00DF3440 /* Starscream.framework in Frameworks */,
				4D52AAC71C2D37D3006B9E84 /* ObjectMapper.framework in Frameworks */,
				4D52AA891C2A5244006B9E84 /* SwiftyJSON.framework in Frameworks */,
				4DF3F1BD1C2A425000A6F057 /* SwiftHTTP.framework in Frameworks */,
			);
			runOnlyForDeploymentPostprocessing = 0;
		};
		4DC48EBC1C28F481000A2E54 /* Frameworks */ = {
			isa = PBXFrameworksBuildPhase;
			buildActionMask = 2147483647;
			files = (
				4DC48EC01C28F481000A2E54 /* Slack.framework in Frameworks */,
			);
			runOnlyForDeploymentPostprocessing = 0;
		};
/* End PBXFrameworksBuildPhase section */

/* Begin PBXGroup section */
		4D52AA871C2A5205006B9E84 /* Frameworks */ = {
			isa = PBXGroup;
			children = (
				4DF35CEF1C33285A00DF3440 /* Starscream.framework */,
				4DF35CED1C33284600DF3440 /* Starscream.framework */,
				4D52AAC61C2D37D3006B9E84 /* ObjectMapper.framework */,
				4D52AAC31C2D379C006B9E84 /* ObjectMapper.framework */,
				4D52AA881C2A5244006B9E84 /* SwiftyJSON.framework */,
				4D52AA841C2A51EB006B9E84 /* SwiftyJSON.framework */,
				4DF3F1BC1C2A425000A6F057 /* SwiftHTTP.framework */,
				4DF3F1BA1C2A423700A6F057 /* SwiftHTTP.framework */,
			);
			name = Frameworks;
			sourceTree = "<group>";
		};
		4D52AA941C2A9CA7006B9E84 /* Models */ = {
			isa = PBXGroup;
			children = (
				4D52AA8E1C2A8A5F006B9E84 /* SlackWebResponses.swift */,
				4DF35D081C33461600DF3440 /* SlackRTMResponses.swift */,
				4DF35D001C33350000DF3440 /* Errors.swift */,
			);
			name = Models;
			sourceTree = "<group>";
		};
		4DC48E861C28F152000A2E54 = {
			isa = PBXGroup;
			children = (
				4DC48EAE1C28F217000A2E54 /* Source */,
				4DC48EA01C28F174000A2E54 /* Tests */,
				4D52AA871C2A5205006B9E84 /* Frameworks */,
				4DC48E931C28F174000A2E54 /* Products */,
			);
			sourceTree = "<group>";
		};
		4DC48E931C28F174000A2E54 /* Products */ = {
			isa = PBXGroup;
			children = (
				4DC48E921C28F174000A2E54 /* Slack.framework */,
				4DC48E9C1C28F174000A2E54 /* Slack iOS Tests.xctest */,
				4DC48EB61C28F481000A2E54 /* Slack.framework */,
				4DC48EBF1C28F481000A2E54 /* Slack Mac Tests.xctest */,
			);
			name = Products;
			sourceTree = "<group>";
		};
		4DC48EA01C28F174000A2E54 /* Tests */ = {
			isa = PBXGroup;
			children = (
				4DC48EA11C28F175000A2E54 /* SlackWebTests.swift */,
				4DF35D031C333D5400DF3440 /* SlackRTMTests.swift */,
				4DC48EA31C28F175000A2E54 /* Info.plist */,
			);
			path = Tests;
			sourceTree = "<group>";
		};
		4DC48EAE1C28F217000A2E54 /* Source */ = {
			isa = PBXGroup;
			children = (
				4D52AA941C2A9CA7006B9E84 /* Models */,
				4DC48EAA1C28F210000A2E54 /* Slack.h */,
				4DC48EAB1C28F210000A2E54 /* Info.plist */,
				4DC48EAF1C28F250000A2E54 /* SlackWeb.swift */,
				4DC48ED11C28F756000A2E54 /* SlackRTM.swift */,
			);
			path = Source;
			sourceTree = "<group>";
		};
/* End PBXGroup section */

/* Begin PBXHeadersBuildPhase section */
		4DC48E8F1C28F174000A2E54 /* Headers */ = {
			isa = PBXHeadersBuildPhase;
			buildActionMask = 2147483647;
			files = (
				4DC48EAC1C28F210000A2E54 /* Slack.h in Headers */,
			);
			runOnlyForDeploymentPostprocessing = 0;
		};
		4DC48EB31C28F481000A2E54 /* Headers */ = {
			isa = PBXHeadersBuildPhase;
			buildActionMask = 2147483647;
			files = (
				4DC48ECD1C28F521000A2E54 /* Slack.h in Headers */,
			);
			runOnlyForDeploymentPostprocessing = 0;
		};
/* End PBXHeadersBuildPhase section */

/* Begin PBXNativeTarget section */
		4DC48E911C28F174000A2E54 /* Slack iOS */ = {
			isa = PBXNativeTarget;
			buildConfigurationList = 4DC48EA41C28F175000A2E54 /* Build configuration list for PBXNativeTarget "Slack iOS" */;
			buildPhases = (
				4DC48E8D1C28F174000A2E54 /* Sources */,
				4DC48E8E1C28F174000A2E54 /* Frameworks */,
				4DC48E8F1C28F174000A2E54 /* Headers */,
				4DC48E901C28F174000A2E54 /* Resources */,
				4DF3F1C11C2A429400A6F057 /* Copy Files */,
			);
			buildRules = (
			);
			dependencies = (
			);
			name = "Slack iOS";
			productName = Slack;
			productReference = 4DC48E921C28F174000A2E54 /* Slack.framework */;
			productType = "com.apple.product-type.framework";
		};
		4DC48E9B1C28F174000A2E54 /* Slack iOS Tests */ = {
			isa = PBXNativeTarget;
			buildConfigurationList = 4DC48EA71C28F175000A2E54 /* Build configuration list for PBXNativeTarget "Slack iOS Tests" */;
			buildPhases = (
				4DC48E981C28F174000A2E54 /* Sources */,
				4DC48E991C28F174000A2E54 /* Frameworks */,
				4DC48E9A1C28F174000A2E54 /* Resources */,
			);
			buildRules = (
			);
			dependencies = (
				4DC48E9F1C28F174000A2E54 /* PBXTargetDependency */,
			);
			name = "Slack iOS Tests";
			productName = SlackTests;
			productReference = 4DC48E9C1C28F174000A2E54 /* Slack iOS Tests.xctest */;
			productType = "com.apple.product-type.bundle.unit-test";
		};
		4DC48EB51C28F481000A2E54 /* Slack Mac */ = {
			isa = PBXNativeTarget;
			buildConfigurationList = 4DC48EC71C28F481000A2E54 /* Build configuration list for PBXNativeTarget "Slack Mac" */;
			buildPhases = (
				4DC48EB11C28F481000A2E54 /* Sources */,
				4DC48EB21C28F481000A2E54 /* Frameworks */,
				4DC48EB31C28F481000A2E54 /* Headers */,
				4DC48EB41C28F481000A2E54 /* Resources */,
				4DF3F1BE1C2A427300A6F057 /* CopyFiles */,
			);
			buildRules = (
			);
			dependencies = (
			);
			name = "Slack Mac";
			productName = Slack;
			productReference = 4DC48EB61C28F481000A2E54 /* Slack.framework */;
			productType = "com.apple.product-type.framework";
		};
		4DC48EBE1C28F481000A2E54 /* Slack Mac Tests */ = {
			isa = PBXNativeTarget;
			buildConfigurationList = 4DC48ECA1C28F481000A2E54 /* Build configuration list for PBXNativeTarget "Slack Mac Tests" */;
			buildPhases = (
				4DC48EBB1C28F481000A2E54 /* Sources */,
				4DC48EBC1C28F481000A2E54 /* Frameworks */,
				4DC48EBD1C28F481000A2E54 /* Resources */,
			);
			buildRules = (
			);
			dependencies = (
				4DC48EC21C28F481000A2E54 /* PBXTargetDependency */,
			);
			name = "Slack Mac Tests";
			productName = SlackTests;
			productReference = 4DC48EBF1C28F481000A2E54 /* Slack Mac Tests.xctest */;
			productType = "com.apple.product-type.bundle.unit-test";
		};
/* End PBXNativeTarget section */

/* Begin PBXProject section */
		4DC48E871C28F152000A2E54 /* Project object */ = {
			isa = PBXProject;
			attributes = {
				LastSwiftUpdateCheck = 0720;
				LastUpgradeCheck = 0720;
				TargetAttributes = {
					4DC48E911C28F174000A2E54 = {
						CreatedOnToolsVersion = 7.2;
					};
					4DC48E9B1C28F174000A2E54 = {
						CreatedOnToolsVersion = 7.2;
					};
					4DC48EB51C28F481000A2E54 = {
						CreatedOnToolsVersion = 7.2;
					};
					4DC48EBE1C28F481000A2E54 = {
						CreatedOnToolsVersion = 7.2;
					};
				};
			};
			buildConfigurationList = 4DC48E8A1C28F152000A2E54 /* Build configuration list for PBXProject "Slack" */;
			compatibilityVersion = "Xcode 3.2";
			developmentRegion = English;
			hasScannedForEncodings = 0;
			knownRegions = (
				en,
			);
			mainGroup = 4DC48E861C28F152000A2E54;
			productRefGroup = 4DC48E931C28F174000A2E54 /* Products */;
			projectDirPath = "";
			projectRoot = "";
			targets = (
				4DC48E911C28F174000A2E54 /* Slack iOS */,
				4DC48E9B1C28F174000A2E54 /* Slack iOS Tests */,
				4DC48EB51C28F481000A2E54 /* Slack Mac */,
				4DC48EBE1C28F481000A2E54 /* Slack Mac Tests */,
			);
		};
/* End PBXProject section */

/* Begin PBXResourcesBuildPhase section */
		4DC48E901C28F174000A2E54 /* Resources */ = {
			isa = PBXResourcesBuildPhase;
			buildActionMask = 2147483647;
			files = (
			);
			runOnlyForDeploymentPostprocessing = 0;
		};
		4DC48E9A1C28F174000A2E54 /* Resources */ = {
			isa = PBXResourcesBuildPhase;
			buildActionMask = 2147483647;
			files = (
			);
			runOnlyForDeploymentPostprocessing = 0;
		};
		4DC48EB41C28F481000A2E54 /* Resources */ = {
			isa = PBXResourcesBuildPhase;
			buildActionMask = 2147483647;
			files = (
			);
			runOnlyForDeploymentPostprocessing = 0;
		};
		4DC48EBD1C28F481000A2E54 /* Resources */ = {
			isa = PBXResourcesBuildPhase;
			buildActionMask = 2147483647;
			files = (
			);
			runOnlyForDeploymentPostprocessing = 0;
		};
/* End PBXResourcesBuildPhase section */

/* Begin PBXSourcesBuildPhase section */
		4DC48E8D1C28F174000A2E54 /* Sources */ = {
			isa = PBXSourcesBuildPhase;
			buildActionMask = 2147483647;
			files = (
				4DF35D011C33350000DF3440 /* Errors.swift in Sources */,
				4D52AA8F1C2A8A5F006B9E84 /* SlackWebResponses.swift in Sources */,
				4DF35D091C33461600DF3440 /* SlackRTMResponses.swift in Sources */,
				4DC48ED21C28F756000A2E54 /* SlackRTM.swift in Sources */,
				4DC48EB01C28F250000A2E54 /* SlackWeb.swift in Sources */,
			);
			runOnlyForDeploymentPostprocessing = 0;
		};
		4DC48E981C28F174000A2E54 /* Sources */ = {
			isa = PBXSourcesBuildPhase;
			buildActionMask = 2147483647;
			files = (
				4DF35D061C333D7E00DF3440 /* SlackRTMTests.swift in Sources */,
				4DC48EA21C28F175000A2E54 /* SlackWebTests.swift in Sources */,
			);
			runOnlyForDeploymentPostprocessing = 0;
		};
		4DC48EB11C28F481000A2E54 /* Sources */ = {
			isa = PBXSourcesBuildPhase;
			buildActionMask = 2147483647;
			files = (
				4DF35D021C33350000DF3440 /* Errors.swift in Sources */,
				4D52AA901C2A8A5F006B9E84 /* SlackWebResponses.swift in Sources */,
				4DF35D0A1C33461600DF3440 /* SlackRTMResponses.swift in Sources */,
				4DC48ED31C28F756000A2E54 /* SlackRTM.swift in Sources */,
				4DC48ECE1C28F525000A2E54 /* SlackWeb.swift in Sources */,
			);
			runOnlyForDeploymentPostprocessing = 0;
		};
		4DC48EBB1C28F481000A2E54 /* Sources */ = {
			isa = PBXSourcesBuildPhase;
			buildActionMask = 2147483647;
			files = (
				4DF35D071C333D8000DF3440 /* SlackRTMTests.swift in Sources */,
				4DC48ECF1C28F5FC000A2E54 /* SlackWebTests.swift in Sources */,
			);
			runOnlyForDeploymentPostprocessing = 0;
		};
/* End PBXSourcesBuildPhase section */

/* Begin PBXTargetDependency section */
		4DC48E9F1C28F174000A2E54 /* PBXTargetDependency */ = {
			isa = PBXTargetDependency;
			target = 4DC48E911C28F174000A2E54 /* Slack iOS */;
			targetProxy = 4DC48E9E1C28F174000A2E54 /* PBXContainerItemProxy */;
		};
		4DC48EC21C28F481000A2E54 /* PBXTargetDependency */ = {
			isa = PBXTargetDependency;
			target = 4DC48EB51C28F481000A2E54 /* Slack Mac */;
			targetProxy = 4DC48EC11C28F481000A2E54 /* PBXContainerItemProxy */;
		};
/* End PBXTargetDependency section */

/* Begin XCBuildConfiguration section */
		4DC48E8B1C28F152000A2E54 /* Debug */ = {
			isa = XCBuildConfiguration;
			buildSettings = {
			};
			name = Debug;
		};
		4DC48E8C1C28F152000A2E54 /* Release */ = {
			isa = XCBuildConfiguration;
			buildSettings = {
			};
			name = Release;
		};
		4DC48EA51C28F175000A2E54 /* Debug */ = {
			isa = XCBuildConfiguration;
			buildSettings = {
				ALWAYS_SEARCH_USER_PATHS = NO;
				CLANG_CXX_LANGUAGE_STANDARD = "gnu++0x";
				CLANG_CXX_LIBRARY = "libc++";
				CLANG_ENABLE_MODULES = YES;
				CLANG_ENABLE_OBJC_ARC = YES;
				CLANG_WARN_BOOL_CONVERSION = YES;
				CLANG_WARN_CONSTANT_CONVERSION = YES;
				CLANG_WARN_DIRECT_OBJC_ISA_USAGE = YES_ERROR;
				CLANG_WARN_EMPTY_BODY = YES;
				CLANG_WARN_ENUM_CONVERSION = YES;
				CLANG_WARN_INT_CONVERSION = YES;
				CLANG_WARN_OBJC_ROOT_CLASS = YES_ERROR;
				CLANG_WARN_UNREACHABLE_CODE = YES;
				CLANG_WARN__DUPLICATE_METHOD_MATCH = YES;
				"CODE_SIGN_IDENTITY[sdk=iphoneos*]" = "iPhone Developer";
				COPY_PHASE_STRIP = NO;
				CURRENT_PROJECT_VERSION = 1;
				DEBUG_INFORMATION_FORMAT = dwarf;
				DEFINES_MODULE = YES;
				DYLIB_COMPATIBILITY_VERSION = 1;
				DYLIB_CURRENT_VERSION = 1;
				DYLIB_INSTALL_NAME_BASE = "@rpath";
				ENABLE_STRICT_OBJC_MSGSEND = YES;
				ENABLE_TESTABILITY = YES;
				FRAMEWORK_SEARCH_PATHS = (
					"$(inherited)",
					"$(PROJECT_DIR)/Carthage/Build/iOS",
				);
				GCC_C_LANGUAGE_STANDARD = gnu99;
				GCC_DYNAMIC_NO_PIC = NO;
				GCC_NO_COMMON_BLOCKS = YES;
				GCC_OPTIMIZATION_LEVEL = 0;
				GCC_PREPROCESSOR_DEFINITIONS = (
					"DEBUG=1",
					"$(inherited)",
				);
				GCC_WARN_64_TO_32_BIT_CONVERSION = YES;
				GCC_WARN_ABOUT_RETURN_TYPE = YES_ERROR;
				GCC_WARN_UNDECLARED_SELECTOR = YES;
				GCC_WARN_UNINITIALIZED_AUTOS = YES_AGGRESSIVE;
				GCC_WARN_UNUSED_FUNCTION = YES;
				GCC_WARN_UNUSED_VARIABLE = YES;
				INFOPLIST_FILE = Source/Info.plist;
				INSTALL_PATH = "$(LOCAL_LIBRARY_DIR)/Frameworks";
				IPHONEOS_DEPLOYMENT_TARGET = 9.2;
				LD_RUNPATH_SEARCH_PATHS = "$(inherited) @executable_path/Frameworks @loader_path/Frameworks";
				MTL_ENABLE_DEBUG_INFO = YES;
				ONLY_ACTIVE_ARCH = YES;
				PRODUCT_BUNDLE_IDENTIFIER = com.markgx.Slack;
				PRODUCT_NAME = Slack;
				SDKROOT = iphoneos;
				SKIP_INSTALL = YES;
				SWIFT_OPTIMIZATION_LEVEL = "-Onone";
				TARGETED_DEVICE_FAMILY = "1,2";
				VERSIONING_SYSTEM = "apple-generic";
				VERSION_INFO_PREFIX = "";
			};
			name = Debug;
		};
		4DC48EA61C28F175000A2E54 /* Release */ = {
			isa = XCBuildConfiguration;
			buildSettings = {
				ALWAYS_SEARCH_USER_PATHS = NO;
				CLANG_CXX_LANGUAGE_STANDARD = "gnu++0x";
				CLANG_CXX_LIBRARY = "libc++";
				CLANG_ENABLE_MODULES = YES;
				CLANG_ENABLE_OBJC_ARC = YES;
				CLANG_WARN_BOOL_CONVERSION = YES;
				CLANG_WARN_CONSTANT_CONVERSION = YES;
				CLANG_WARN_DIRECT_OBJC_ISA_USAGE = YES_ERROR;
				CLANG_WARN_EMPTY_BODY = YES;
				CLANG_WARN_ENUM_CONVERSION = YES;
				CLANG_WARN_INT_CONVERSION = YES;
				CLANG_WARN_OBJC_ROOT_CLASS = YES_ERROR;
				CLANG_WARN_UNREACHABLE_CODE = YES;
				CLANG_WARN__DUPLICATE_METHOD_MATCH = YES;
				"CODE_SIGN_IDENTITY[sdk=iphoneos*]" = "iPhone Developer";
				COPY_PHASE_STRIP = NO;
				CURRENT_PROJECT_VERSION = 1;
				DEBUG_INFORMATION_FORMAT = "dwarf-with-dsym";
				DEFINES_MODULE = YES;
				DYLIB_COMPATIBILITY_VERSION = 1;
				DYLIB_CURRENT_VERSION = 1;
				DYLIB_INSTALL_NAME_BASE = "@rpath";
				ENABLE_NS_ASSERTIONS = NO;
				ENABLE_STRICT_OBJC_MSGSEND = YES;
				FRAMEWORK_SEARCH_PATHS = (
					"$(inherited)",
					"$(PROJECT_DIR)/Carthage/Build/iOS",
				);
				GCC_C_LANGUAGE_STANDARD = gnu99;
				GCC_NO_COMMON_BLOCKS = YES;
				GCC_WARN_64_TO_32_BIT_CONVERSION = YES;
				GCC_WARN_ABOUT_RETURN_TYPE = YES_ERROR;
				GCC_WARN_UNDECLARED_SELECTOR = YES;
				GCC_WARN_UNINITIALIZED_AUTOS = YES_AGGRESSIVE;
				GCC_WARN_UNUSED_FUNCTION = YES;
				GCC_WARN_UNUSED_VARIABLE = YES;
				INFOPLIST_FILE = Source/Info.plist;
				INSTALL_PATH = "$(LOCAL_LIBRARY_DIR)/Frameworks";
				IPHONEOS_DEPLOYMENT_TARGET = 9.2;
				LD_RUNPATH_SEARCH_PATHS = "$(inherited) @executable_path/Frameworks @loader_path/Frameworks";
				MTL_ENABLE_DEBUG_INFO = NO;
				PRODUCT_BUNDLE_IDENTIFIER = com.markgx.Slack;
				PRODUCT_NAME = Slack;
				SDKROOT = iphoneos;
				SKIP_INSTALL = YES;
				TARGETED_DEVICE_FAMILY = "1,2";
				VALIDATE_PRODUCT = YES;
				VERSIONING_SYSTEM = "apple-generic";
				VERSION_INFO_PREFIX = "";
			};
			name = Release;
		};
		4DC48EA81C28F175000A2E54 /* Debug */ = {
			isa = XCBuildConfiguration;
			buildSettings = {
				ALWAYS_SEARCH_USER_PATHS = NO;
				CLANG_CXX_LANGUAGE_STANDARD = "gnu++0x";
				CLANG_CXX_LIBRARY = "libc++";
				CLANG_ENABLE_MODULES = YES;
				CLANG_ENABLE_OBJC_ARC = YES;
				CLANG_WARN_BOOL_CONVERSION = YES;
				CLANG_WARN_CONSTANT_CONVERSION = YES;
				CLANG_WARN_DIRECT_OBJC_ISA_USAGE = YES_ERROR;
				CLANG_WARN_EMPTY_BODY = YES;
				CLANG_WARN_ENUM_CONVERSION = YES;
				CLANG_WARN_INT_CONVERSION = YES;
				CLANG_WARN_OBJC_ROOT_CLASS = YES_ERROR;
				CLANG_WARN_UNREACHABLE_CODE = YES;
				CLANG_WARN__DUPLICATE_METHOD_MATCH = YES;
				"CODE_SIGN_IDENTITY[sdk=iphoneos*]" = "iPhone Developer";
				COPY_PHASE_STRIP = NO;
				DEBUG_INFORMATION_FORMAT = dwarf;
				ENABLE_STRICT_OBJC_MSGSEND = YES;
				ENABLE_TESTABILITY = YES;
				FRAMEWORK_SEARCH_PATHS = (
					"$(inherited)",
					"$(PROJECT_DIR)/Carthage/Build/iOS",
				);
				GCC_C_LANGUAGE_STANDARD = gnu99;
				GCC_DYNAMIC_NO_PIC = NO;
				GCC_NO_COMMON_BLOCKS = YES;
				GCC_OPTIMIZATION_LEVEL = 0;
				GCC_PREPROCESSOR_DEFINITIONS = (
					"DEBUG=1",
					"$(inherited)",
				);
				GCC_WARN_64_TO_32_BIT_CONVERSION = YES;
				GCC_WARN_ABOUT_RETURN_TYPE = YES_ERROR;
				GCC_WARN_UNDECLARED_SELECTOR = YES;
				GCC_WARN_UNINITIALIZED_AUTOS = YES_AGGRESSIVE;
				GCC_WARN_UNUSED_FUNCTION = YES;
				GCC_WARN_UNUSED_VARIABLE = YES;
				INFOPLIST_FILE = Tests/Info.plist;
				IPHONEOS_DEPLOYMENT_TARGET = 9.2;
				LD_RUNPATH_SEARCH_PATHS = "$(inherited) @executable_path/Frameworks @loader_path/Frameworks";
				MTL_ENABLE_DEBUG_INFO = YES;
				ONLY_ACTIVE_ARCH = YES;
				PRODUCT_BUNDLE_IDENTIFIER = com.markgx.SlackTests;
				PRODUCT_NAME = "$(TARGET_NAME)";
				SDKROOT = iphoneos;
				SWIFT_OPTIMIZATION_LEVEL = "-Onone";
			};
			name = Debug;
		};
		4DC48EA91C28F175000A2E54 /* Release */ = {
			isa = XCBuildConfiguration;
			buildSettings = {
				ALWAYS_SEARCH_USER_PATHS = NO;
				CLANG_CXX_LANGUAGE_STANDARD = "gnu++0x";
				CLANG_CXX_LIBRARY = "libc++";
				CLANG_ENABLE_MODULES = YES;
				CLANG_ENABLE_OBJC_ARC = YES;
				CLANG_WARN_BOOL_CONVERSION = YES;
				CLANG_WARN_CONSTANT_CONVERSION = YES;
				CLANG_WARN_DIRECT_OBJC_ISA_USAGE = YES_ERROR;
				CLANG_WARN_EMPTY_BODY = YES;
				CLANG_WARN_ENUM_CONVERSION = YES;
				CLANG_WARN_INT_CONVERSION = YES;
				CLANG_WARN_OBJC_ROOT_CLASS = YES_ERROR;
				CLANG_WARN_UNREACHABLE_CODE = YES;
				CLANG_WARN__DUPLICATE_METHOD_MATCH = YES;
				"CODE_SIGN_IDENTITY[sdk=iphoneos*]" = "iPhone Developer";
				COPY_PHASE_STRIP = NO;
				DEBUG_INFORMATION_FORMAT = "dwarf-with-dsym";
				ENABLE_NS_ASSERTIONS = NO;
				ENABLE_STRICT_OBJC_MSGSEND = YES;
				FRAMEWORK_SEARCH_PATHS = (
					"$(inherited)",
					"$(PROJECT_DIR)/Carthage/Build/iOS",
				);
				GCC_C_LANGUAGE_STANDARD = gnu99;
				GCC_NO_COMMON_BLOCKS = YES;
				GCC_WARN_64_TO_32_BIT_CONVERSION = YES;
				GCC_WARN_ABOUT_RETURN_TYPE = YES_ERROR;
				GCC_WARN_UNDECLARED_SELECTOR = YES;
				GCC_WARN_UNINITIALIZED_AUTOS = YES_AGGRESSIVE;
				GCC_WARN_UNUSED_FUNCTION = YES;
				GCC_WARN_UNUSED_VARIABLE = YES;
				INFOPLIST_FILE = Tests/Info.plist;
				IPHONEOS_DEPLOYMENT_TARGET = 9.2;
				LD_RUNPATH_SEARCH_PATHS = "$(inherited) @executable_path/Frameworks @loader_path/Frameworks";
				MTL_ENABLE_DEBUG_INFO = NO;
				PRODUCT_BUNDLE_IDENTIFIER = com.markgx.SlackTests;
				PRODUCT_NAME = "$(TARGET_NAME)";
				SDKROOT = iphoneos;
				VALIDATE_PRODUCT = YES;
			};
			name = Release;
		};
		4DC48EC81C28F481000A2E54 /* Debug */ = {
			isa = XCBuildConfiguration;
			buildSettings = {
				ALWAYS_SEARCH_USER_PATHS = NO;
				CLANG_CXX_LANGUAGE_STANDARD = "gnu++0x";
				CLANG_CXX_LIBRARY = "libc++";
				CLANG_ENABLE_MODULES = YES;
				CLANG_ENABLE_OBJC_ARC = YES;
				CLANG_WARN_BOOL_CONVERSION = YES;
				CLANG_WARN_CONSTANT_CONVERSION = YES;
				CLANG_WARN_DIRECT_OBJC_ISA_USAGE = YES_ERROR;
				CLANG_WARN_EMPTY_BODY = YES;
				CLANG_WARN_ENUM_CONVERSION = YES;
				CLANG_WARN_INT_CONVERSION = YES;
				CLANG_WARN_OBJC_ROOT_CLASS = YES_ERROR;
				CLANG_WARN_UNREACHABLE_CODE = YES;
				CLANG_WARN__DUPLICATE_METHOD_MATCH = YES;
				CODE_SIGN_IDENTITY = "-";
				COMBINE_HIDPI_IMAGES = YES;
				COPY_PHASE_STRIP = NO;
				CURRENT_PROJECT_VERSION = 1;
				DEBUG_INFORMATION_FORMAT = dwarf;
				DEFINES_MODULE = YES;
				DYLIB_COMPATIBILITY_VERSION = 1;
				DYLIB_CURRENT_VERSION = 1;
				DYLIB_INSTALL_NAME_BASE = "@rpath";
				ENABLE_STRICT_OBJC_MSGSEND = YES;
				ENABLE_TESTABILITY = YES;
				FRAMEWORK_SEARCH_PATHS = (
					"$(inherited)",
					"$(PROJECT_DIR)/Carthage/Build/Mac",
					"$(PROJECT_DIR)/Carthage/Build/iOS",
				);
				FRAMEWORK_VERSION = A;
				GCC_C_LANGUAGE_STANDARD = gnu99;
				GCC_DYNAMIC_NO_PIC = NO;
				GCC_NO_COMMON_BLOCKS = YES;
				GCC_OPTIMIZATION_LEVEL = 0;
				GCC_PREPROCESSOR_DEFINITIONS = (
					"DEBUG=1",
					"$(inherited)",
				);
				GCC_WARN_64_TO_32_BIT_CONVERSION = YES;
				GCC_WARN_ABOUT_RETURN_TYPE = YES_ERROR;
				GCC_WARN_UNDECLARED_SELECTOR = YES;
				GCC_WARN_UNINITIALIZED_AUTOS = YES_AGGRESSIVE;
				GCC_WARN_UNUSED_FUNCTION = YES;
				GCC_WARN_UNUSED_VARIABLE = YES;
				INFOPLIST_FILE = Source/Info.plist;
				INSTALL_PATH = "$(LOCAL_LIBRARY_DIR)/Frameworks";
				LD_RUNPATH_SEARCH_PATHS = "$(inherited) @executable_path/../Frameworks @loader_path/Frameworks";
				MACOSX_DEPLOYMENT_TARGET = 10.11;
				MTL_ENABLE_DEBUG_INFO = YES;
				ONLY_ACTIVE_ARCH = YES;
				PRODUCT_BUNDLE_IDENTIFIER = com.markgx.Slack;
				PRODUCT_NAME = Slack;
				SDKROOT = macosx;
				SKIP_INSTALL = YES;
				SWIFT_OPTIMIZATION_LEVEL = "-Onone";
				VERSIONING_SYSTEM = "apple-generic";
				VERSION_INFO_PREFIX = "";
			};
			name = Debug;
		};
		4DC48EC91C28F481000A2E54 /* Release */ = {
			isa = XCBuildConfiguration;
			buildSettings = {
				ALWAYS_SEARCH_USER_PATHS = NO;
				CLANG_CXX_LANGUAGE_STANDARD = "gnu++0x";
				CLANG_CXX_LIBRARY = "libc++";
				CLANG_ENABLE_MODULES = YES;
				CLANG_ENABLE_OBJC_ARC = YES;
				CLANG_WARN_BOOL_CONVERSION = YES;
				CLANG_WARN_CONSTANT_CONVERSION = YES;
				CLANG_WARN_DIRECT_OBJC_ISA_USAGE = YES_ERROR;
				CLANG_WARN_EMPTY_BODY = YES;
				CLANG_WARN_ENUM_CONVERSION = YES;
				CLANG_WARN_INT_CONVERSION = YES;
				CLANG_WARN_OBJC_ROOT_CLASS = YES_ERROR;
				CLANG_WARN_UNREACHABLE_CODE = YES;
				CLANG_WARN__DUPLICATE_METHOD_MATCH = YES;
				CODE_SIGN_IDENTITY = "-";
				COMBINE_HIDPI_IMAGES = YES;
				COPY_PHASE_STRIP = NO;
				CURRENT_PROJECT_VERSION = 1;
				DEBUG_INFORMATION_FORMAT = "dwarf-with-dsym";
				DEFINES_MODULE = YES;
				DYLIB_COMPATIBILITY_VERSION = 1;
				DYLIB_CURRENT_VERSION = 1;
				DYLIB_INSTALL_NAME_BASE = "@rpath";
				ENABLE_NS_ASSERTIONS = NO;
				ENABLE_STRICT_OBJC_MSGSEND = YES;
				FRAMEWORK_SEARCH_PATHS = (
					"$(inherited)",
					"$(PROJECT_DIR)/Carthage/Build/Mac",
					"$(PROJECT_DIR)/Carthage/Build/iOS",
				);
				FRAMEWORK_VERSION = A;
				GCC_C_LANGUAGE_STANDARD = gnu99;
				GCC_NO_COMMON_BLOCKS = YES;
				GCC_WARN_64_TO_32_BIT_CONVERSION = YES;
				GCC_WARN_ABOUT_RETURN_TYPE = YES_ERROR;
				GCC_WARN_UNDECLARED_SELECTOR = YES;
				GCC_WARN_UNINITIALIZED_AUTOS = YES_AGGRESSIVE;
				GCC_WARN_UNUSED_FUNCTION = YES;
				GCC_WARN_UNUSED_VARIABLE = YES;
				INFOPLIST_FILE = Source/Info.plist;
				INSTALL_PATH = "$(LOCAL_LIBRARY_DIR)/Frameworks";
				LD_RUNPATH_SEARCH_PATHS = "$(inherited) @executable_path/../Frameworks @loader_path/Frameworks";
				MACOSX_DEPLOYMENT_TARGET = 10.11;
				MTL_ENABLE_DEBUG_INFO = NO;
				PRODUCT_BUNDLE_IDENTIFIER = com.markgx.Slack;
				PRODUCT_NAME = Slack;
				SDKROOT = macosx;
				SKIP_INSTALL = YES;
				VERSIONING_SYSTEM = "apple-generic";
				VERSION_INFO_PREFIX = "";
			};
			name = Release;
		};
		4DC48ECB1C28F481000A2E54 /* Debug */ = {
			isa = XCBuildConfiguration;
			buildSettings = {
				ALWAYS_SEARCH_USER_PATHS = NO;
				CLANG_CXX_LANGUAGE_STANDARD = "gnu++0x";
				CLANG_CXX_LIBRARY = "libc++";
				CLANG_ENABLE_MODULES = YES;
				CLANG_ENABLE_OBJC_ARC = YES;
				CLANG_WARN_BOOL_CONVERSION = YES;
				CLANG_WARN_CONSTANT_CONVERSION = YES;
				CLANG_WARN_DIRECT_OBJC_ISA_USAGE = YES_ERROR;
				CLANG_WARN_EMPTY_BODY = YES;
				CLANG_WARN_ENUM_CONVERSION = YES;
				CLANG_WARN_INT_CONVERSION = YES;
				CLANG_WARN_OBJC_ROOT_CLASS = YES_ERROR;
				CLANG_WARN_UNREACHABLE_CODE = YES;
				CLANG_WARN__DUPLICATE_METHOD_MATCH = YES;
				CODE_SIGN_IDENTITY = "-";
				COMBINE_HIDPI_IMAGES = YES;
				COPY_PHASE_STRIP = NO;
				DEBUG_INFORMATION_FORMAT = dwarf;
				ENABLE_STRICT_OBJC_MSGSEND = YES;
				ENABLE_TESTABILITY = YES;
				GCC_C_LANGUAGE_STANDARD = gnu99;
				GCC_DYNAMIC_NO_PIC = NO;
				GCC_NO_COMMON_BLOCKS = YES;
				GCC_OPTIMIZATION_LEVEL = 0;
				GCC_PREPROCESSOR_DEFINITIONS = (
					"DEBUG=1",
					"$(inherited)",
				);
				GCC_WARN_64_TO_32_BIT_CONVERSION = YES;
				GCC_WARN_ABOUT_RETURN_TYPE = YES_ERROR;
				GCC_WARN_UNDECLARED_SELECTOR = YES;
				GCC_WARN_UNINITIALIZED_AUTOS = YES_AGGRESSIVE;
				GCC_WARN_UNUSED_FUNCTION = YES;
				GCC_WARN_UNUSED_VARIABLE = YES;
				INFOPLIST_FILE = Tests/Info.plist;
				LD_RUNPATH_SEARCH_PATHS = "$(inherited) @executable_path/../Frameworks @loader_path/../Frameworks";
				MACOSX_DEPLOYMENT_TARGET = 10.11;
				MTL_ENABLE_DEBUG_INFO = YES;
				ONLY_ACTIVE_ARCH = YES;
				PRODUCT_BUNDLE_IDENTIFIER = com.markgx.SlackTests;
				PRODUCT_NAME = "$(TARGET_NAME)";
				SDKROOT = macosx;
				SWIFT_OPTIMIZATION_LEVEL = "-Onone";
			};
			name = Debug;
		};
		4DC48ECC1C28F481000A2E54 /* Release */ = {
			isa = XCBuildConfiguration;
			buildSettings = {
				ALWAYS_SEARCH_USER_PATHS = NO;
				CLANG_CXX_LANGUAGE_STANDARD = "gnu++0x";
				CLANG_CXX_LIBRARY = "libc++";
				CLANG_ENABLE_MODULES = YES;
				CLANG_ENABLE_OBJC_ARC = YES;
				CLANG_WARN_BOOL_CONVERSION = YES;
				CLANG_WARN_CONSTANT_CONVERSION = YES;
				CLANG_WARN_DIRECT_OBJC_ISA_USAGE = YES_ERROR;
				CLANG_WARN_EMPTY_BODY = YES;
				CLANG_WARN_ENUM_CONVERSION = YES;
				CLANG_WARN_INT_CONVERSION = YES;
				CLANG_WARN_OBJC_ROOT_CLASS = YES_ERROR;
				CLANG_WARN_UNREACHABLE_CODE = YES;
				CLANG_WARN__DUPLICATE_METHOD_MATCH = YES;
				CODE_SIGN_IDENTITY = "-";
				COMBINE_HIDPI_IMAGES = YES;
				COPY_PHASE_STRIP = NO;
				DEBUG_INFORMATION_FORMAT = "dwarf-with-dsym";
				ENABLE_NS_ASSERTIONS = NO;
				ENABLE_STRICT_OBJC_MSGSEND = YES;
				GCC_C_LANGUAGE_STANDARD = gnu99;
				GCC_NO_COMMON_BLOCKS = YES;
				GCC_WARN_64_TO_32_BIT_CONVERSION = YES;
				GCC_WARN_ABOUT_RETURN_TYPE = YES_ERROR;
				GCC_WARN_UNDECLARED_SELECTOR = YES;
				GCC_WARN_UNINITIALIZED_AUTOS = YES_AGGRESSIVE;
				GCC_WARN_UNUSED_FUNCTION = YES;
				GCC_WARN_UNUSED_VARIABLE = YES;
				INFOPLIST_FILE = Tests/Info.plist;
				LD_RUNPATH_SEARCH_PATHS = "$(inherited) @executable_path/../Frameworks @loader_path/../Frameworks";
				MACOSX_DEPLOYMENT_TARGET = 10.11;
				MTL_ENABLE_DEBUG_INFO = NO;
				PRODUCT_BUNDLE_IDENTIFIER = com.markgx.SlackTests;
				PRODUCT_NAME = "$(TARGET_NAME)";
				SDKROOT = macosx;
			};
			name = Release;
		};
/* End XCBuildConfiguration section */

/* Begin XCConfigurationList section */
		4DC48E8A1C28F152000A2E54 /* Build configuration list for PBXProject "Slack" */ = {
			isa = XCConfigurationList;
			buildConfigurations = (
				4DC48E8B1C28F152000A2E54 /* Debug */,
				4DC48E8C1C28F152000A2E54 /* Release */,
			);
			defaultConfigurationIsVisible = 0;
			defaultConfigurationName = Release;
		};
		4DC48EA41C28F175000A2E54 /* Build configuration list for PBXNativeTarget "Slack iOS" */ = {
			isa = XCConfigurationList;
			buildConfigurations = (
				4DC48EA51C28F175000A2E54 /* Debug */,
				4DC48EA61C28F175000A2E54 /* Release */,
			);
			defaultConfigurationIsVisible = 0;
			defaultConfigurationName = Release;
		};
		4DC48EA71C28F175000A2E54 /* Build configuration list for PBXNativeTarget "Slack iOS Tests" */ = {
			isa = XCConfigurationList;
			buildConfigurations = (
				4DC48EA81C28F175000A2E54 /* Debug */,
				4DC48EA91C28F175000A2E54 /* Release */,
			);
			defaultConfigurationIsVisible = 0;
			defaultConfigurationName = Release;
		};
		4DC48EC71C28F481000A2E54 /* Build configuration list for PBXNativeTarget "Slack Mac" */ = {
			isa = XCConfigurationList;
			buildConfigurations = (
				4DC48EC81C28F481000A2E54 /* Debug */,
				4DC48EC91C28F481000A2E54 /* Release */,
			);
			defaultConfigurationIsVisible = 0;
			defaultConfigurationName = Release;
		};
		4DC48ECA1C28F481000A2E54 /* Build configuration list for PBXNativeTarget "Slack Mac Tests" */ = {
			isa = XCConfigurationList;
			buildConfigurations = (
				4DC48ECB1C28F481000A2E54 /* Debug */,
				4DC48ECC1C28F481000A2E54 /* Release */,
			);
			defaultConfigurationIsVisible = 0;
			defaultConfigurationName = Release;
		};
/* End XCConfigurationList section */
	};
	rootObject = 4DC48E871C28F152000A2E54 /* Project object */;
}
